
Microsoft Visual Studio Solution File, Format Version 12.00
# Visual Studio Version 16
VisualStudioVersion = 16.0.31025.194
MinimumVisualStudioVersion = 10.0.40219.1
Project("{9A19103F-16F7-4668-BE54-9A1E7A4F7556}") = "Assessment1", "Assessment1\Assessment1.csproj", "{04D53905-6A0E-4C48-AB2C-40A8F79435D8}"
EndProject
Project("{FAE04EC0-301F-11D3-BF4B-00C04F79EFBC}") = "Assessment2", "Assessment2\Assessment2.csproj", "{3708D42D-BDF9-4376-9EC3-6BF85A574612}"
EndProject
Global
	GlobalSection(SolutionConfigurationPlatforms) = preSolution
		Debug|Any CPU = Debug|Any CPU
		Release|Any CPU = Release|Any CPU
	EndGlobalSection
	GlobalSection(ProjectConfigurationPlatforms) = postSolution
		{04D53905-6A0E-4C48-AB2C-40A8F79435D8}.Debug|Any CPU.ActiveCfg = Debug|Any CPU
		{04D53905-6A0E-4C48-AB2C-40A8F79435D8}.Debug|Any CPU.Build.0 = Debug|Any CPU
		{04D53905-6A0E-4C48-AB2C-40A8F79435D8}.Release|Any CPU.ActiveCfg = Release|Any CPU
		{04D53905-6A0E-4C48-AB2C-40A8F79435D8}.Release|Any CPU.Build.0 = Release|Any CPU
		{3708D42D-BDF9-4376-9EC3-6BF85A574612}.Debug|Any CPU.ActiveCfg = Debug|Any CPU
		{3708D42D-BDF9-4376-9EC3-6BF85A574612}.Debug|Any CPU.Build.0 = Debug|Any CPU
		{3708D42D-BDF9-4376-9EC3-6BF85A574612}.Release|Any CPU.ActiveCfg = Release|Any CPU
		{3708D42D-BDF9-4376-9EC3-6BF85A574612}.Release|Any CPU.Build.0 = Release|Any CPU
	EndGlobalSection
	GlobalSection(SolutionProperties) = preSolution
		HideSolutionNode = FALSE
	EndGlobalSection
	GlobalSection(ExtensibilityGlobals) = postSolution
		SolutionGuid = {24D50967-FF20-47B9-8F5C-8CBD2D6B296D}
	EndGlobalSection
EndGlobal
